
Microsoft Visual Studio Solution File, Format Version 12.00
# Visual Studio Version 16
VisualStudioVersion = 16.0.31402.337
MinimumVisualStudioVersion = 10.0.40219.1
Project("{FAE04EC0-301F-11D3-BF4B-00C04F79EFBC}") = "APS", "APS\APS.csproj", "{23821D55-DF1D-441E-BF90-E622F7D829C5}"
EndProject
Project("{FAE04EC0-301F-11D3-BF4B-00C04F79EFBC}") = "Repositorio", "Repositorio\Repositorio.csproj", "{03753880-74A3-4A77-B2FE-E61366589EDA}"
EndProject
Global
	GlobalSection(SolutionConfigurationPlatforms) = preSolution
		Debug|Any CPU = Debug|Any CPU
		Release|Any CPU = Release|Any CPU
	EndGlobalSection
	GlobalSection(ProjectConfigurationPlatforms) = postSolution
		{23821D55-DF1D-441E-BF90-E622F7D829C5}.Debug|Any CPU.ActiveCfg = Debug|Any CPU
		{23821D55-DF1D-441E-BF90-E622F7D829C5}.Debug|Any CPU.Build.0 = Debug|Any CPU
		{23821D55-DF1D-441E-BF90-E622F7D829C5}.Release|Any CPU.ActiveCfg = Release|Any CPU
		{23821D55-DF1D-441E-BF90-E622F7D829C5}.Release|Any CPU.Build.0 = Release|Any CPU
		{03753880-74A3-4A77-B2FE-E61366589EDA}.Debug|Any CPU.ActiveCfg = Debug|Any CPU
		{03753880-74A3-4A77-B2FE-E61366589EDA}.Debug|Any CPU.Build.0 = Debug|Any CPU
		{03753880-74A3-4A77-B2FE-E61366589EDA}.Release|Any CPU.ActiveCfg = Release|Any CPU
		{03753880-74A3-4A77-B2FE-E61366589EDA}.Release|Any CPU.Build.0 = Release|Any CPU
	EndGlobalSection
	GlobalSection(SolutionProperties) = preSolution
		HideSolutionNode = FALSE
	EndGlobalSection
	GlobalSection(ExtensibilityGlobals) = postSolution
		SolutionGuid = {9756BD01-48C1-4C0B-ABC5-6EFD2269420A}
	EndGlobalSection
EndGlobal
